// !$*UTF8*$!
{
	archiveVersion = 1;
	classes = {
	};
	objectVersion = 46;
	objects = {

/* Begin PBXBuildFile section */
		F01A735A1F73DDBF00FEED07 /* ArrayUtil.swift in Sources */ = {isa = PBXBuildFile; fileRef = F01A73591F73DDBF00FEED07 /* ArrayUtil.swift */; };
		F01A73601F73E9FA00FEED07 /* AlertUtil.swift in Sources */ = {isa = PBXBuildFile; fileRef = F01A735F1F73E9FA00FEED07 /* AlertUtil.swift */; };
		F020F9461F749F810079CC72 /* Game.swift in Sources */ = {isa = PBXBuildFile; fileRef = F020F9451F749F810079CC72 /* Game.swift */; };
		F02680B51F73479E009BC9FE /* AppDelegate.swift in Sources */ = {isa = PBXBuildFile; fileRef = F02680B41F73479E009BC9FE /* AppDelegate.swift */; };
		F02680B71F73479E009BC9FE /* ViewController.swift in Sources */ = {isa = PBXBuildFile; fileRef = F02680B61F73479E009BC9FE /* ViewController.swift */; };
		F02680BA1F73479E009BC9FE /* Main.storyboard in Resources */ = {isa = PBXBuildFile; fileRef = F02680B81F73479E009BC9FE /* Main.storyboard */; };
		F02680BC1F73479E009BC9FE /* Assets.xcassets in Resources */ = {isa = PBXBuildFile; fileRef = F02680BB1F73479E009BC9FE /* Assets.xcassets */; };
		F02680BF1F73479E009BC9FE /* LaunchScreen.storyboard in Resources */ = {isa = PBXBuildFile; fileRef = F02680BD1F73479E009BC9FE /* LaunchScreen.storyboard */; };
		F02680E51F738E34009BC9FE /* Score.swift in Sources */ = {isa = PBXBuildFile; fileRef = F02680E41F738E34009BC9FE /* Score.swift */; };
/* End PBXBuildFile section */

/* Begin PBXFileReference section */
		F01A73591F73DDBF00FEED07 /* ArrayUtil.swift */ = {isa = PBXFileReference; fileEncoding = 4; lastKnownFileType = sourcecode.swift; name = ArrayUtil.swift; path = ../ArrayUtil.swift; sourceTree = "<group>"; };
		F01A735F1F73E9FA00FEED07 /* AlertUtil.swift */ = {isa = PBXFileReference; fileEncoding = 4; lastKnownFileType = sourcecode.swift; name = AlertUtil.swift; path = ../AlertUtil.swift; sourceTree = "<group>"; };
		F020F9451F749F810079CC72 /* Game.swift */ = {isa = PBXFileReference; fileEncoding = 4; lastKnownFileType = sourcecode.swift; path = Game.swift; sourceTree = "<group>"; };
		F02680B11F73479E009BC9FE /* BaseBallGame.app */ = {isa = PBXFileReference; explicitFileType = wrapper.application; includeInIndex = 0; path = BaseBallGame.app; sourceTree = BUILT_PRODUCTS_DIR; };
		F02680B41F73479E009BC9FE /* AppDelegate.swift */ = {isa = PBXFileReference; lastKnownFileType = sourcecode.swift; path = AppDelegate.swift; sourceTree = "<group>"; };
		F02680B61F73479E009BC9FE /* ViewController.swift */ = {isa = PBXFileReference; lastKnownFileType = sourcecode.swift; path = ViewController.swift; sourceTree = "<group>"; };
		F02680B91F73479E009BC9FE /* Base */ = {isa = PBXFileReference; lastKnownFileType = file.storyboard; name = Base; path = Base.lproj/Main.storyboard; sourceTree = "<group>"; };
		F02680BB1F73479E009BC9FE /* Assets.xcassets */ = {isa = PBXFileReference; lastKnownFileType = folder.assetcatalog; path = Assets.xcassets; sourceTree = "<group>"; };
		F02680BE1F73479E009BC9FE /* Base */ = {isa = PBXFileReference; lastKnownFileType = file.storyboard; name = Base; path = Base.lproj/LaunchScreen.storyboard; sourceTree = "<group>"; };
		F02680C01F73479E009BC9FE /* Info.plist */ = {isa = PBXFileReference; lastKnownFileType = text.plist.xml; path = Info.plist; sourceTree = "<group>"; };
		F02680E41F738E34009BC9FE /* Score.swift */ = {isa = PBXFileReference; fileEncoding = 4; lastKnownFileType = sourcecode.swift; path = Score.swift; sourceTree = "<group>"; };
/* End PBXFileReference section */

/* Begin PBXFrameworksBuildPhase section */
		F02680AE1F73479E009BC9FE /* Frameworks */ = {
			isa = PBXFrameworksBuildPhase;
			buildActionMask = 2147483647;
			files = (
			);
			runOnlyForDeploymentPostprocessing = 0;
		};
/* End PBXFrameworksBuildPhase section */

/* Begin PBXGroup section */
		F02680A81F73479E009BC9FE = {
			isa = PBXGroup;
			children = (
				F02680B31F73479E009BC9FE /* BaseBallGame */,
				F02680B21F73479E009BC9FE /* Products */,
			);
			sourceTree = "<group>";
		};
		F02680B21F73479E009BC9FE /* Products */ = {
			isa = PBXGroup;
			children = (
				F02680B11F73479E009BC9FE /* BaseBallGame.app */,
			);
			name = Products;
			sourceTree = "<group>";
		};
		F02680B31F73479E009BC9FE /* BaseBallGame */ = {
			isa = PBXGroup;
			children = (
				F01A73591F73DDBF00FEED07 /* ArrayUtil.swift */,
				F020F9451F749F810079CC72 /* Game.swift */,
				F01A735F1F73E9FA00FEED07 /* AlertUtil.swift */,
				F02680B41F73479E009BC9FE /* AppDelegate.swift */,
				F02680B61F73479E009BC9FE /* ViewController.swift */,
				F02680B81F73479E009BC9FE /* Main.storyboard */,
				F02680E41F738E34009BC9FE /* Score.swift */,
				F02680BB1F73479E009BC9FE /* Assets.xcassets */,
				F02680BD1F73479E009BC9FE /* LaunchScreen.storyboard */,
				F02680C01F73479E009BC9FE /* Info.plist */,
			);
			path = BaseBallGame;
			sourceTree = "<group>";
		};
/* End PBXGroup section */

/* Begin PBXNativeTarget section */
		F02680B01F73479E009BC9FE /* BaseBallGame */ = {
			isa = PBXNativeTarget;
			buildConfigurationList = F02680C31F73479E009BC9FE /* Build configuration list for PBXNativeTarget "BaseBallGame" */;
			buildPhases = (
				F02680AD1F73479E009BC9FE /* Sources */,
				F02680AE1F73479E009BC9FE /* Frameworks */,
				F02680AF1F73479E009BC9FE /* Resources */,
			);
			buildRules = (
			);
			dependencies = (
			);
			name = BaseBallGame;
			productName = BaseBallGame;
			productReference = F02680B11F73479E009BC9FE /* BaseBallGame.app */;
			productType = "com.apple.product-type.application";
		};
/* End PBXNativeTarget section */

/* Begin PBXProject section */
		F02680A91F73479E009BC9FE /* Project object */ = {
			isa = PBXProject;
			attributes = {
				LastSwiftUpdateCheck = 0830;
				LastUpgradeCheck = 0830;
				ORGANIZATIONNAME = esung;
				TargetAttributes = {
					F02680B01F73479E009BC9FE = {
						CreatedOnToolsVersion = 8.3.3;
						ProvisioningStyle = Automatic;
					};
				};
			};
			buildConfigurationList = F02680AC1F73479E009BC9FE /* Build configuration list for PBXProject "BaseBallGame" */;
			compatibilityVersion = "Xcode 3.2";
			developmentRegion = English;
			hasScannedForEncodings = 0;
			knownRegions = (
				en,
				Base,
			);
			mainGroup = F02680A81F73479E009BC9FE;
			productRefGroup = F02680B21F73479E009BC9FE /* Products */;
			projectDirPath = "";
			projectRoot = "";
			targets = (
				F02680B01F73479E009BC9FE /* BaseBallGame */,
			);
		};
/* End PBXProject section */

/* Begin PBXResourcesBuildPhase section */
		F02680AF1F73479E009BC9FE /* Resources */ = {
			isa = PBXResourcesBuildPhase;
			buildActionMask = 2147483647;
			files = (
				F02680BF1F73479E009BC9FE /* LaunchScreen.storyboard in Resources */,
				F02680BC1F73479E009BC9FE /* Assets.xcassets in Resources */,
				F02680BA1F73479E009BC9FE /* Main.storyboard in Resources */,
			);
			runOnlyForDeploymentPostprocessing = 0;
		};
/* End PBXResourcesBuildPhase section */

/* Begin PBXSourcesBuildPhase section */
		F02680AD1F73479E009BC9FE /* Sources */ = {
			isa = PBXSourcesBuildPhase;
			buildActionMask = 2147483647;
			files = (
				F02680B71F73479E009BC9FE /* ViewController.swift in Sources */,
				F02680E51F738E34009BC9FE /* Score.swift in Sources */,
				F02680B51F73479E009BC9FE /* AppDelegate.swift in Sources */,
				F020F9461F749F810079CC72 /* Game.swift in Sources */,
				F01A73601F73E9FA00FEED07 /* AlertUtil.swift in Sources */,
				F01A735A1F73DDBF00FEED07 /* ArrayUtil.swift in Sources */,
			);
			runOnlyForDeploymentPostprocessing = 0;
		};
/* End PBXSourcesBuildPhase section */

/* Begin PBXVariantGroup section */
		F02680B81F73479E009BC9FE /* Main.storyboard */ = {
			isa = PBXVariantGroup;
			children = (
				F02680B91F73479E009BC9FE /* Base */,
			);
			name = Main.storyboard;
			sourceTree = "<group>";
		};
		F02680BD1F73479E009BC9FE /* LaunchScreen.storyboard */ = {
			isa = PBXVariantGroup;
			children = (
				F02680BE1F73479E009BC9FE /* Base */,
			);
			name = LaunchScreen.storyboard;
			sourceTree = "<group>";
		};
/* End PBXVariantGroup section */

/* Begin XCBuildConfiguration section */
		F02680C11F73479E009BC9FE /* Debug */ = {
			isa = XCBuildConfiguration;
			buildSettings = {
				ALWAYS_SEARCH_USER_PATHS = NO;
				CLANG_ANALYZER_NONNULL = YES;
				CLANG_ANALYZER_NUMBER_OBJECT_CONVERSION = YES_AGGRESSIVE;
				CLANG_CXX_LANGUAGE_STANDARD = "gnu++0x";
				CLANG_CXX_LIBRARY = "libc++";
				CLANG_ENABLE_MODULES = YES;
				CLANG_ENABLE_OBJC_ARC = YES;
				CLANG_WARN_BOOL_CONVERSION = YES;
				CLANG_WARN_CONSTANT_CONVERSION = YES;
				CLANG_WARN_DIRECT_OBJC_ISA_USAGE = YES_ERROR;
				CLANG_WARN_DOCUMENTATION_COMMENTS = YES;
				CLANG_WARN_EMPTY_BODY = YES;
				CLANG_WARN_ENUM_CONVERSION = YES;
				CLANG_WARN_INFINITE_RECURSION = YES;
				CLANG_WARN_INT_CONVERSION = YES;
				CLANG_WARN_OBJC_ROOT_CLASS = YES_ERROR;
				CLANG_WARN_SUSPICIOUS_MOVE = YES;
				CLANG_WARN_UNREACHABLE_CODE = YES;
				CLANG_WARN__DUPLICATE_METHOD_MATCH = YES;
				"CODE_SIGN_IDENTITY[sdk=iphoneos*]" = "iPhone Developer";
				COPY_PHASE_STRIP = NO;
				DEBUG_INFORMATION_FORMAT = dwarf;
				ENABLE_STRICT_OBJC_MSGSEND = YES;
				ENABLE_TESTABILITY = YES;
				GCC_C_LANGUAGE_STANDARD = gnu99;
				GCC_DYNAMIC_NO_PIC = NO;
				GCC_NO_COMMON_BLOCKS = YES;
				GCC_OPTIMIZATION_LEVEL = 0;
				GCC_PREPROCESSOR_DEFINITIONS = (
					"DEBUG=1",
					"$(inherited)",
				);
				GCC_WARN_64_TO_32_BIT_CONVERSION = YES;
				GCC_WARN_ABOUT_RETURN_TYPE = YES_ERROR;
				GCC_WARN_UNDECLARED_SELECTOR = YES;
				GCC_WARN_UNINITIALIZED_AUTOS = YES_AGGRESSIVE;
				GCC_WARN_UNUSED_FUNCTION = YES;
				GCC_WARN_UNUSED_VARIABLE = YES;
				IPHONEOS_DEPLOYMENT_TARGET = 10.3;
				MTL_ENABLE_DEBUG_INFO = YES;
				ONLY_ACTIVE_ARCH = YES;
				SDKROOT = iphoneos;
				SWIFT_ACTIVE_COMPILATION_CONDITIONS = DEBUG;
				SWIFT_OPTIMIZATION_LEVEL = "-Onone";
			};
			name = Debug;
		};
		F02680C21F73479E009BC9FE /* Release */ = {
			isa = XCBuildConfiguration;
			buildSettings = {
				ALWAYS_SEARCH_USER_PATHS = NO;
				CLANG_ANALYZER_NONNULL = YES;
				CLANG_ANALYZER_NUMBER_OBJECT_CONVERSION = YES_AGGRESSIVE;
				CLANG_CXX_LANGUAGE_STANDARD = "gnu++0x";
				CLANG_CXX_LIBRARY = "libc++";
				CLANG_ENABLE_MODULES = YES;
				CLANG_ENABLE_OBJC_ARC = YES;
				CLANG_WARN_BOOL_CONVERSION = YES;
				CLANG_WARN_CONSTANT_CONVERSION = YES;
				CLANG_WARN_DIRECT_OBJC_ISA_USAGE = YES_ERROR;
				CLANG_WARN_DOCUMENTATION_COMMENTS = YES;
				CLANG_WARN_EMPTY_BODY = YES;
				CLANG_WARN_ENUM_CONVERSION = YES;
				CLANG_WARN_INFINITE_RECURSION = YES;
				CLANG_WARN_INT_CONVERSION = YES;
				CLANG_WARN_OBJC_ROOT_CLASS = YES_ERROR;
				CLANG_WARN_SUSPICIOUS_MOVE = YES;
				CLANG_WARN_UNREACHABLE_CODE = YES;
				CLANG_WARN__DUPLICATE_METHOD_MATCH = YES;
				"CODE_SIGN_IDENTITY[sdk=iphoneos*]" = "iPhone Developer";
				COPY_PHASE_STRIP = NO;
				DEBUG_INFORMATION_FORMAT = "dwarf-with-dsym";
				ENABLE_NS_ASSERTIONS = NO;
				ENABLE_STRICT_OBJC_MSGSEND = YES;
				GCC_C_LANGUAGE_STANDARD = gnu99;
				GCC_NO_COMMON_BLOCKS = YES;
				GCC_WARN_64_TO_32_BIT_CONVERSION = YES;
				GCC_WARN_ABOUT_RETURN_TYPE = YES_ERROR;
				GCC_WARN_UNDECLARED_SELECTOR = YES;
				GCC_WARN_UNINITIALIZED_AUTOS = YES_AGGRESSIVE;
				GCC_WARN_UNUSED_FUNCTION = YES;
				GCC_WARN_UNUSED_VARIABLE = YES;
				IPHONEOS_DEPLOYMENT_TARGET = 10.3;
				MTL_ENABLE_DEBUG_INFO = NO;
				SDKROOT = iphoneos;
				SWIFT_OPTIMIZATION_LEVEL = "-Owholemodule";
				VALIDATE_PRODUCT = YES;
			};
			name = Release;
		};
		F02680C41F73479E009BC9FE /* Debug */ = {
			isa = XCBuildConfiguration;
			buildSettings = {
				ASSETCATALOG_COMPILER_APPICON_NAME = AppIcon;
				INFOPLIST_FILE = BaseBallGame/Info.plist;
				LD_RUNPATH_SEARCH_PATHS = "$(inherited) @executable_path/Frameworks";
				PRODUCT_BUNDLE_IDENTIFIER = com.my.BaseBallGame;
				PRODUCT_NAME = "$(TARGET_NAME)";
				SWIFT_VERSION = 3.0;
			};
			name = Debug;
		};
		F02680C51F73479E009BC9FE /* Release */ = {
			isa = XCBuildConfiguration;
			buildSettings = {
				ASSETCATALOG_COMPILER_APPICON_NAME = AppIcon;
				INFOPLIST_FILE = BaseBallGame/Info.plist;
				LD_RUNPATH_SEARCH_PATHS = "$(inherited) @executable_path/Frameworks";
				PRODUCT_BUNDLE_IDENTIFIER = com.my.BaseBallGame;
				PRODUCT_NAME = "$(TARGET_NAME)";
				SWIFT_VERSION = 3.0;
			};
			name = Release;
		};
/* End XCBuildConfiguration section */

/* Begin XCConfigurationList section */
		F02680AC1F73479E009BC9FE /* Build configuration list for PBXProject "BaseBallGame" */ = {
			isa = XCConfigurationList;
			buildConfigurations = (
				F02680C11F73479E009BC9FE /* Debug */,
				F02680C21F73479E009BC9FE /* Release */,
			);
			defaultConfigurationIsVisible = 0;
			defaultConfigurationName = Release;
		};
		F02680C31F73479E009BC9FE /* Build configuration list for PBXNativeTarget "BaseBallGame" */ = {
			isa = XCConfigurationList;
			buildConfigurations = (
				F02680C41F73479E009BC9FE /* Debug */,
				F02680C51F73479E009BC9FE /* Release */,
			);
			defaultConfigurationIsVisible = 0;
			defaultConfigurationName = Release;
		};
/* End XCConfigurationList section */
	};
	rootObject = F02680A91F73479E009BC9FE /* Project object */;
}
